# This file is automatically @generated by Poetry 1.7.1 and should not be changed by hand.

[[package]]
name = "base58"
version = "2.1.1"
description = "Base58 and Base58Check implementation."
optional = false
python-versions = ">=3.5"
files = [
    {file = "base58-2.1.1-py3-none-any.whl", hash = "sha256:11a36f4d3ce51dfc1043f3218591ac4eb1ceb172919cebe05b52a5bcc8d245c2"},
    {file = "base58-2.1.1.tar.gz", hash = "sha256:c5d0cb3f5b6e81e8e35da5754388ddcc6d0d14b6c6a132cb93d69ed580a7278c"},
]

[package.extras]
tests = ["PyHamcrest (>=2.0.2)", "mypy", "pytest (>=4.6)", "pytest-benchmark", "pytest-cov", "pytest-flake8"]

[[package]]
name = "cffi"
version = "1.16.0"
description = "Foreign Function Interface for Python calling C code."
optional = false
python-versions = ">=3.8"
files = [
    {file = "cffi-1.16.0-cp310-cp310-macosx_10_9_x86_64.whl", hash = "sha256:6b3d6606d369fc1da4fd8c357d026317fbb9c9b75d36dc16e90e84c26854b088"},
    {file = "cffi-1.16.0-cp310-cp310-macosx_11_0_arm64.whl", hash = "sha256:ac0f5edd2360eea2f1daa9e26a41db02dd4b0451b48f7c318e217ee092a213e9"},
    {file = "cffi-1.16.0-cp310-cp310-manylinux_2_12_i686.manylinux2010_i686.manylinux_2_17_i686.manylinux2014_i686.whl", hash = "sha256:7e61e3e4fa664a8588aa25c883eab612a188c725755afff6289454d6362b9673"},
    {file = "cffi-1.16.0-cp310-cp310-manylinux_2_17_aarch64.manylinux2014_aarch64.whl", hash = "sha256:a72e8961a86d19bdb45851d8f1f08b041ea37d2bd8d4fd19903bc3083d80c896"},
    {file = "cffi-1.16.0-cp310-cp310-manylinux_2_17_ppc64le.manylinux2014_ppc64le.whl", hash = "sha256:5b50bf3f55561dac5438f8e70bfcdfd74543fd60df5fa5f62d94e5867deca684"},
    {file = "cffi-1.16.0-cp310-cp310-manylinux_2_17_s390x.manylinux2014_s390x.whl", hash = "sha256:7651c50c8c5ef7bdb41108b7b8c5a83013bfaa8a935590c5d74627c047a583c7"},
    {file = "cffi-1.16.0-cp310-cp310-manylinux_2_17_x86_64.manylinux2014_x86_64.whl", hash = "sha256:e4108df7fe9b707191e55f33efbcb2d81928e10cea45527879a4749cbe472614"},
    {file = "cffi-1.16.0-cp310-cp310-musllinux_1_1_i686.whl", hash = "sha256:32c68ef735dbe5857c810328cb2481e24722a59a2003018885514d4c09af9743"},
    {file = "cffi-1.16.0-cp310-cp310-musllinux_1_1_x86_64.whl", hash = "sha256:673739cb539f8cdaa07d92d02efa93c9ccf87e345b9a0b556e3ecc666718468d"},
    {file = "cffi-1.16.0-cp310-cp310-win32.whl", hash = "sha256:9f90389693731ff1f659e55c7d1640e2ec43ff725cc61b04b2f9c6d8d017df6a"},
    {file = "cffi-1.16.0-cp310-cp310-win_amd64.whl", hash = "sha256:e6024675e67af929088fda399b2094574609396b1decb609c55fa58b028a32a1"},
    {file = "cffi-1.16.0-cp311-cp311-macosx_10_9_x86_64.whl", hash = "sha256:b84834d0cf97e7d27dd5b7f3aca7b6e9263c56308ab9dc8aae9784abb774d404"},
    {file = "cffi-1.16.0-cp311-cp311-macosx_11_0_arm64.whl", hash = "sha256:1b8ebc27c014c59692bb2664c7d13ce7a6e9a629be20e54e7271fa696ff2b417"},
    {file = "cffi-1.16.0-cp311-cp311-manylinux_2_12_i686.manylinux2010_i686.manylinux_2_17_i686.manylinux2014_i686.whl", hash = "sha256:ee07e47c12890ef248766a6e55bd38ebfb2bb8edd4142d56db91b21ea68b7627"},
    {file = "cffi-1.16.0-cp311-cp311-manylinux_2_17_aarch64.manylinux2014_aarch64.whl", hash = "sha256:d8a9d3ebe49f084ad71f9269834ceccbf398253c9fac910c4fd7053ff1386936"},
    {file = "cffi-1.16.0-cp311-cp311-manylinux_2_17_ppc64le.manylinux2014_ppc64le.whl", hash = "sha256:e70f54f1796669ef691ca07d046cd81a29cb4deb1e5f942003f401c0c4a2695d"},
    {file = "cffi-1.16.0-cp311-cp311-manylinux_2_17_s390x.manylinux2014_s390x.whl", hash = "sha256:5bf44d66cdf9e893637896c7faa22298baebcd18d1ddb6d2626a6e39793a1d56"},
    {file = "cffi-1.16.0-cp311-cp311-manylinux_2_17_x86_64.manylinux2014_x86_64.whl", hash = "sha256:7b78010e7b97fef4bee1e896df8a4bbb6712b7f05b7ef630f9d1da00f6444d2e"},
    {file = "cffi-1.16.0-cp311-cp311-musllinux_1_1_i686.whl", hash = "sha256:c6a164aa47843fb1b01e941d385aab7215563bb8816d80ff3a363a9f8448a8dc"},
    {file = "cffi-1.16.0-cp311-cp311-musllinux_1_1_x86_64.whl", hash = "sha256:e09f3ff613345df5e8c3667da1d918f9149bd623cd9070c983c013792a9a62eb"},
    {file = "cffi-1.16.0-cp311-cp311-win32.whl", hash = "sha256:2c56b361916f390cd758a57f2e16233eb4f64bcbeee88a4881ea90fca14dc6ab"},
    {file = "cffi-1.16.0-cp311-cp311-win_amd64.whl", hash = "sha256:db8e577c19c0fda0beb7e0d4e09e0ba74b1e4c092e0e40bfa12fe05b6f6d75ba"},
    {file = "cffi-1.16.0-cp312-cp312-macosx_10_9_x86_64.whl", hash = "sha256:fa3a0128b152627161ce47201262d3140edb5a5c3da88d73a1b790a959126956"},
    {file = "cffi-1.16.0-cp312-cp312-macosx_11_0_arm64.whl", hash = "sha256:68e7c44931cc171c54ccb702482e9fc723192e88d25a0e133edd7aff8fcd1f6e"},
    {file = "cffi-1.16.0-cp312-cp312-manylinux_2_12_i686.manylinux2010_i686.manylinux_2_17_i686.manylinux2014_i686.whl", hash = "sha256:abd808f9c129ba2beda4cfc53bde801e5bcf9d6e0f22f095e45327c038bfe68e"},
    {file = "cffi-1.16.0-cp312-cp312-manylinux_2_17_aarch64.manylinux2014_aarch64.whl", hash = "sha256:88e2b3c14bdb32e440be531ade29d3c50a1a59cd4e51b1dd8b0865c54ea5d2e2"},
    {file = "cffi-1.16.0-cp312-cp312-manylinux_2_17_ppc64le.manylinux2014_ppc64le.whl", hash = "sha256:fcc8eb6d5902bb1cf6dc4f187ee3ea80a1eba0a89aba40a5cb20a5087d961357"},
    {file = "cffi-1.16.0-cp312-cp312-manylinux_2_17_s390x.manylinux2014_s390x.whl", hash = "sha256:b7be2d771cdba2942e13215c4e340bfd76398e9227ad10402a8767ab1865d2e6"},
    {file = "cffi-1.16.0-cp312-cp312-manylinux_2_17_x86_64.manylinux2014_x86_64.whl", hash = "sha256:e715596e683d2ce000574bae5d07bd522c781a822866c20495e52520564f0969"},
    {file = "cffi-1.16.0-cp312-cp312-musllinux_1_1_x86_64.whl", hash = "sha256:2d92b25dbf6cae33f65005baf472d2c245c050b1ce709cc4588cdcdd5495b520"},
    {file = "cffi-1.16.0-cp312-cp312-win32.whl", hash = "sha256:b2ca4e77f9f47c55c194982e10f058db063937845bb2b7a86c84a6cfe0aefa8b"},
    {file = "cffi-1.16.0-cp312-cp312-win_amd64.whl", hash = "sha256:68678abf380b42ce21a5f2abde8efee05c114c2fdb2e9eef2efdb0257fba1235"},
    {file = "cffi-1.16.0-cp38-cp38-macosx_10_9_x86_64.whl", hash = "sha256:0c9ef6ff37e974b73c25eecc13952c55bceed9112be2d9d938ded8e856138bcc"},
    {file = "cffi-1.16.0-cp38-cp38-manylinux_2_12_i686.manylinux2010_i686.manylinux_2_17_i686.manylinux2014_i686.whl", hash = "sha256:a09582f178759ee8128d9270cd1344154fd473bb77d94ce0aeb2a93ebf0feaf0"},
    {file = "cffi-1.16.0-cp38-cp38-manylinux_2_17_aarch64.manylinux2014_aarch64.whl", hash = "sha256:e760191dd42581e023a68b758769e2da259b5d52e3103c6060ddc02c9edb8d7b"},
    {file = "cffi-1.16.0-cp38-cp38-manylinux_2_17_ppc64le.manylinux2014_ppc64le.whl", hash = "sha256:80876338e19c951fdfed6198e70bc88f1c9758b94578d5a7c4c91a87af3cf31c"},
    {file = "cffi-1.16.0-cp38-cp38-manylinux_2_17_s390x.manylinux2014_s390x.whl", hash = "sha256:a6a14b17d7e17fa0d207ac08642c8820f84f25ce17a442fd15e27ea18d67c59b"},
    {file = "cffi-1.16.0-cp38-cp38-manylinux_2_17_x86_64.manylinux2014_x86_64.whl", hash = "sha256:6602bc8dc6f3a9e02b6c22c4fc1e47aa50f8f8e6d3f78a5e16ac33ef5fefa324"},
    {file = "cffi-1.16.0-cp38-cp38-win32.whl", hash = "sha256:131fd094d1065b19540c3d72594260f118b231090295d8c34e19a7bbcf2e860a"},
    {file = "cffi-1.16.0-cp38-cp38-win_amd64.whl", hash = "sha256:31d13b0f99e0836b7ff893d37af07366ebc90b678b6664c955b54561fc36ef36"},
    {file = "cffi-1.16.0-cp39-cp39-macosx_10_9_x86_64.whl", hash = "sha256:582215a0e9adbe0e379761260553ba11c58943e4bbe9c36430c4ca6ac74b15ed"},
    {file = "cffi-1.16.0-cp39-cp39-macosx_11_0_arm64.whl", hash = "sha256:b29ebffcf550f9da55bec9e02ad430c992a87e5f512cd63388abb76f1036d8d2"},
    {file = "cffi-1.16.0-cp39-cp39-manylinux_2_12_i686.manylinux2010_i686.manylinux_2_17_i686.manylinux2014_i686.whl", hash = "sha256:dc9b18bf40cc75f66f40a7379f6a9513244fe33c0e8aa72e2d56b0196a7ef872"},
    {file = "cffi-1.16.0-cp39-cp39-manylinux_2_17_aarch64.manylinux2014_aarch64.whl", hash = "sha256:9cb4a35b3642fc5c005a6755a5d17c6c8b6bcb6981baf81cea8bfbc8903e8ba8"},
    {file = "cffi-1.16.0-cp39-cp39-manylinux_2_17_ppc64le.manylinux2014_ppc64le.whl", hash = "sha256:b86851a328eedc692acf81fb05444bdf1891747c25af7529e39ddafaf68a4f3f"},
    {file = "cffi-1.16.0-cp39-cp39-manylinux_2_17_s390x.manylinux2014_s390x.whl", hash = "sha256:c0f31130ebc2d37cdd8e44605fb5fa7ad59049298b3f745c74fa74c62fbfcfc4"},
    {file = "cffi-1.16.0-cp39-cp39-manylinux_2_17_x86_64.manylinux2014_x86_64.whl", hash = "sha256:8f8e709127c6c77446a8c0a8c8bf3c8ee706a06cd44b1e827c3e6a2ee6b8c098"},
    {file = "cffi-1.16.0-cp39-cp39-musllinux_1_1_i686.whl", hash = "sha256:748dcd1e3d3d7cd5443ef03ce8685043294ad6bd7c02a38d1bd367cfd968e000"},
    {file = "cffi-1.16.0-cp39-cp39-musllinux_1_1_x86_64.whl", hash = "sha256:8895613bcc094d4a1b2dbe179d88d7fb4a15cee43c052e8885783fac397d91fe"},
    {file = "cffi-1.16.0-cp39-cp39-win32.whl", hash = "sha256:ed86a35631f7bfbb28e108dd96773b9d5a6ce4811cf6ea468bb6a359b256b1e4"},
    {file = "cffi-1.16.0-cp39-cp39-win_amd64.whl", hash = "sha256:3686dffb02459559c74dd3d81748269ffb0eb027c39a6fc99502de37d501faa8"},
    {file = "cffi-1.16.0.tar.gz", hash = "sha256:bcb3ef43e58665bbda2fb198698fcae6776483e0c4a631aa5647806c25e02cc0"},
]

[package.dependencies]
pycparser = "*"

[[package]]
name = "chacha20poly1305"
version = "0.0.3"
description = "Chacha20Poly1305"
optional = false
python-versions = "*"
files = [
    {file = "chacha20poly1305-0.0.3.tar.gz", hash = "sha256:f2f005c7cf4638ffa4ff06c02c78748068b642916795c6d16c7cc5e355e70edf"},
]

[package.extras]
dev = ["pep8", "pypandoc", "tox"]
docs = ["Sphinx (>=1.0)", "sphinx_rtd_theme", "sphinxcontrib-programoutput"]

[[package]]
name = "cryptography"
version = "38.0.1"
description = "cryptography is a package which provides cryptographic recipes and primitives to Python developers."
optional = false
python-versions = ">=3.6"
files = [
    {file = "cryptography-38.0.1-cp36-abi3-macosx_10_10_universal2.whl", hash = "sha256:10d1f29d6292fc95acb597bacefd5b9e812099d75a6469004fd38ba5471a977f"},
    {file = "cryptography-38.0.1-cp36-abi3-macosx_10_10_x86_64.whl", hash = "sha256:3fc26e22840b77326a764ceb5f02ca2d342305fba08f002a8c1f139540cdfaad"},
    {file = "cryptography-38.0.1-cp36-abi3-manylinux_2_17_aarch64.manylinux2014_aarch64.manylinux_2_24_aarch64.whl", hash = "sha256:3b72c360427889b40f36dc214630e688c2fe03e16c162ef0aa41da7ab1455153"},
    {file = "cryptography-38.0.1-cp36-abi3-manylinux_2_17_aarch64.manylinux2014_aarch64.whl", hash = "sha256:194044c6b89a2f9f169df475cc167f6157eb9151cc69af8a2a163481d45cc407"},
    {file = "cryptography-38.0.1-cp36-abi3-manylinux_2_17_x86_64.manylinux2014_x86_64.whl", hash = "sha256:ca9f6784ea96b55ff41708b92c3f6aeaebde4c560308e5fbbd3173fbc466e94e"},
    {file = "cryptography-38.0.1-cp36-abi3-manylinux_2_24_x86_64.whl", hash = "sha256:16fa61e7481f4b77ef53991075de29fc5bacb582a1244046d2e8b4bb72ef66d0"},
    {file = "cryptography-38.0.1-cp36-abi3-manylinux_2_28_aarch64.whl", hash = "sha256:d4ef6cc305394ed669d4d9eebf10d3a101059bdcf2669c366ec1d14e4fb227bd"},
    {file = "cryptography-38.0.1-cp36-abi3-manylinux_2_28_x86_64.whl", hash = "sha256:3261725c0ef84e7592597606f6583385fed2a5ec3909f43bc475ade9729a41d6"},
    {file = "cryptography-38.0.1-cp36-abi3-musllinux_1_1_aarch64.whl", hash = "sha256:0297ffc478bdd237f5ca3a7dc96fc0d315670bfa099c04dc3a4a2172008a405a"},
    {file = "cryptography-38.0.1-cp36-abi3-musllinux_1_1_x86_64.whl", hash = "sha256:89ed49784ba88c221756ff4d4755dbc03b3c8d2c5103f6d6b4f83a0fb1e85294"},
    {file = "cryptography-38.0.1-cp36-abi3-win32.whl", hash = "sha256:ac7e48f7e7261207d750fa7e55eac2d45f720027d5703cd9007e9b37bbb59ac0"},
    {file = "cryptography-38.0.1-cp36-abi3-win_amd64.whl", hash = "sha256:ad7353f6ddf285aeadfaf79e5a6829110106ff8189391704c1d8801aa0bae45a"},
    {file = "cryptography-38.0.1-pp37-pypy37_pp73-manylinux_2_17_x86_64.manylinux2014_x86_64.whl", hash = "sha256:896dd3a66959d3a5ddcfc140a53391f69ff1e8f25d93f0e2e7830c6de90ceb9d"},
    {file = "cryptography-38.0.1-pp37-pypy37_pp73-manylinux_2_24_x86_64.whl", hash = "sha256:d3971e2749a723e9084dd507584e2a2761f78ad2c638aa31e80bc7a15c9db4f9"},
    {file = "cryptography-38.0.1-pp37-pypy37_pp73-manylinux_2_28_x86_64.whl", hash = "sha256:79473cf8a5cbc471979bd9378c9f425384980fcf2ab6534b18ed7d0d9843987d"},
    {file = "cryptography-38.0.1-pp38-pypy38_pp73-macosx_10_10_x86_64.whl", hash = "sha256:d9e69ae01f99abe6ad646947bba8941e896cb3aa805be2597a0400e0764b5818"},
    {file = "cryptography-38.0.1-pp38-pypy38_pp73-manylinux_2_17_x86_64.manylinux2014_x86_64.whl", hash = "sha256:5067ee7f2bce36b11d0e334abcd1ccf8c541fc0bbdaf57cdd511fdee53e879b6"},
    {file = "cryptography-38.0.1-pp38-pypy38_pp73-manylinux_2_24_x86_64.whl", hash = "sha256:3e3a2599e640927089f932295a9a247fc40a5bdf69b0484532f530471a382750"},
    {file = "cryptography-38.0.1-pp38-pypy38_pp73-manylinux_2_28_x86_64.whl", hash = "sha256:c2e5856248a416767322c8668ef1845ad46ee62629266f84a8f007a317141013"},
    {file = "cryptography-38.0.1-pp38-pypy38_pp73-win_amd64.whl", hash = "sha256:64760ba5331e3f1794d0bcaabc0d0c39e8c60bf67d09c93dc0e54189dfd7cfe5"},
    {file = "cryptography-38.0.1-pp39-pypy39_pp73-macosx_10_10_x86_64.whl", hash = "sha256:b6c9b706316d7b5a137c35e14f4103e2115b088c412140fdbd5f87c73284df61"},
    {file = "cryptography-38.0.1-pp39-pypy39_pp73-manylinux_2_17_x86_64.manylinux2014_x86_64.whl", hash = "sha256:b0163a849b6f315bf52815e238bc2b2346604413fa7c1601eea84bcddb5fb9ac"},
    {file = "cryptography-38.0.1-pp39-pypy39_pp73-manylinux_2_24_x86_64.whl", hash = "sha256:d1a5bd52d684e49a36582193e0b89ff267704cd4025abefb9e26803adeb3e5fb"},
    {file = "cryptography-38.0.1-pp39-pypy39_pp73-manylinux_2_28_x86_64.whl", hash = "sha256:765fa194a0f3372d83005ab83ab35d7c5526c4e22951e46059b8ac678b44fa5a"},
    {file = "cryptography-38.0.1-pp39-pypy39_pp73-win_amd64.whl", hash = "sha256:52e7bee800ec869b4031093875279f1ff2ed12c1e2f74923e8f49c916afd1d3b"},
    {file = "cryptography-38.0.1.tar.gz", hash = "sha256:1db3d807a14931fa317f96435695d9ec386be7b84b618cc61cfa5d08b0ae33d7"},
]

[package.dependencies]
cffi = ">=1.12"

[package.extras]
docs = ["sphinx (>=1.6.5,!=1.8.0,!=3.1.0,!=3.1.1)", "sphinx-rtd-theme"]
docstest = ["pyenchant (>=1.6.11)", "sphinxcontrib-spelling (>=4.0.1)", "twine (>=1.12.0)"]
pep8test = ["black", "flake8", "flake8-import-order", "pep8-naming"]
sdist = ["setuptools-rust (>=0.11.4)"]
ssh = ["bcrypt (>=3.1.5)"]
test = ["hypothesis (>=1.11.4,!=3.79.2)", "iso8601", "pretend", "pytest (>=6.2.0)", "pytest-benchmark", "pytest-cov", "pytest-subtests", "pytest-xdist", "pytz"]

[[package]]
name = "numpy"
version = "1.23.3"
description = "NumPy is the fundamental package for array computing with Python."
optional = false
python-versions = ">=3.8"
files = [
    {file = "numpy-1.23.3-cp310-cp310-macosx_10_9_x86_64.whl", hash = "sha256:c9f707b5bb73bf277d812ded9896f9512a43edff72712f31667d0a8c2f8e71ee"},
    {file = "numpy-1.23.3-cp310-cp310-macosx_11_0_arm64.whl", hash = "sha256:ffcf105ecdd9396e05a8e58e81faaaf34d3f9875f137c7372450baa5d77c9a54"},
    {file = "numpy-1.23.3-cp310-cp310-manylinux_2_17_aarch64.manylinux2014_aarch64.whl", hash = "sha256:0ea3f98a0ffce3f8f57675eb9119f3f4edb81888b6874bc1953f91e0b1d4f440"},
    {file = "numpy-1.23.3-cp310-cp310-manylinux_2_17_x86_64.manylinux2014_x86_64.whl", hash = "sha256:004f0efcb2fe1c0bd6ae1fcfc69cc8b6bf2407e0f18be308612007a0762b4089"},
    {file = "numpy-1.23.3-cp310-cp310-win32.whl", hash = "sha256:98dcbc02e39b1658dc4b4508442a560fe3ca5ca0d989f0df062534e5ca3a5c1a"},
    {file = "numpy-1.23.3-cp310-cp310-win_amd64.whl", hash = "sha256:39a664e3d26ea854211867d20ebcc8023257c1800ae89773cbba9f9e97bae036"},
    {file = "numpy-1.23.3-cp311-cp311-macosx_10_9_x86_64.whl", hash = "sha256:1f27b5322ac4067e67c8f9378b41c746d8feac8bdd0e0ffede5324667b8a075c"},
    {file = "numpy-1.23.3-cp311-cp311-macosx_11_0_arm64.whl", hash = "sha256:2ad3ec9a748a8943e6eb4358201f7e1c12ede35f510b1a2221b70af4bb64295c"},
    {file = "numpy-1.23.3-cp311-cp311-manylinux_2_17_aarch64.manylinux2014_aarch64.whl", hash = "sha256:bdc9febce3e68b697d931941b263c59e0c74e8f18861f4064c1f712562903411"},
    {file = "numpy-1.23.3-cp311-cp311-manylinux_2_17_x86_64.manylinux2014_x86_64.whl", hash = "sha256:301c00cf5e60e08e04d842fc47df641d4a181e651c7135c50dc2762ffe293dbd"},
    {file = "numpy-1.23.3-cp311-cp311-win32.whl", hash = "sha256:7cd1328e5bdf0dee621912f5833648e2daca72e3839ec1d6695e91089625f0b4"},
    {file = "numpy-1.23.3-cp311-cp311-win_amd64.whl", hash = "sha256:8355fc10fd33a5a70981a5b8a0de51d10af3688d7a9e4a34fcc8fa0d7467bb7f"},
    {file = "numpy-1.23.3-cp38-cp38-macosx_10_9_x86_64.whl", hash = "sha256:bc6e8da415f359b578b00bcfb1d08411c96e9a97f9e6c7adada554a0812a6cc6"},
    {file = "numpy-1.23.3-cp38-cp38-macosx_11_0_arm64.whl", hash = "sha256:22d43376ee0acd547f3149b9ec12eec2f0ca4a6ab2f61753c5b29bb3e795ac4d"},
    {file = "numpy-1.23.3-cp38-cp38-manylinux_2_17_aarch64.manylinux2014_aarch64.whl", hash = "sha256:a64403f634e5ffdcd85e0b12c08f04b3080d3e840aef118721021f9b48fc1460"},
    {file = "numpy-1.23.3-cp38-cp38-manylinux_2_17_x86_64.manylinux2014_x86_64.whl", hash = "sha256:efd9d3abe5774404becdb0748178b48a218f1d8c44e0375475732211ea47c67e"},
    {file = "numpy-1.23.3-cp38-cp38-win32.whl", hash = "sha256:f8c02ec3c4c4fcb718fdf89a6c6f709b14949408e8cf2a2be5bfa9c49548fd85"},
    {file = "numpy-1.23.3-cp38-cp38-win_amd64.whl", hash = "sha256:e868b0389c5ccfc092031a861d4e158ea164d8b7fdbb10e3b5689b4fc6498df6"},
    {file = "numpy-1.23.3-cp39-cp39-macosx_10_9_x86_64.whl", hash = "sha256:09f6b7bdffe57fc61d869a22f506049825d707b288039d30f26a0d0d8ea05164"},
    {file = "numpy-1.23.3-cp39-cp39-macosx_11_0_arm64.whl", hash = "sha256:8c79d7cf86d049d0c5089231a5bcd31edb03555bd93d81a16870aa98c6cfb79d"},
    {file = "numpy-1.23.3-cp39-cp39-manylinux_2_17_aarch64.manylinux2014_aarch64.whl", hash = "sha256:e5d5420053bbb3dd64c30e58f9363d7a9c27444c3648e61460c1237f9ec3fa14"},
    {file = "numpy-1.23.3-cp39-cp39-manylinux_2_17_x86_64.manylinux2014_x86_64.whl", hash = "sha256:d5422d6a1ea9b15577a9432e26608c73a78faf0b9039437b075cf322c92e98e7"},
    {file = "numpy-1.23.3-cp39-cp39-win32.whl", hash = "sha256:c1ba66c48b19cc9c2975c0d354f24058888cdc674bebadceb3cdc9ec403fb5d1"},
    {file = "numpy-1.23.3-cp39-cp39-win_amd64.whl", hash = "sha256:78a63d2df1d947bd9d1b11d35564c2f9e4b57898aae4626638056ec1a231c40c"},
    {file = "numpy-1.23.3-pp38-pypy38_pp73-macosx_10_9_x86_64.whl", hash = "sha256:17c0e467ade9bda685d5ac7f5fa729d8d3e76b23195471adae2d6a6941bd2c18"},
    {file = "numpy-1.23.3-pp38-pypy38_pp73-manylinux_2_17_x86_64.manylinux2014_x86_64.whl", hash = "sha256:91b8d6768a75247026e951dce3b2aac79dc7e78622fc148329135ba189813584"},
    {file = "numpy-1.23.3-pp38-pypy38_pp73-win_amd64.whl", hash = "sha256:94c15ca4e52671a59219146ff584488907b1f9b3fc232622b47e2cf832e94fb8"},
    {file = "numpy-1.23.3.tar.gz", hash = "sha256:51bf49c0cd1d52be0a240aa66f3458afc4b95d8993d2d04f0d91fa60c10af6cd"},
]

[[package]]
name = "pycparser"
version = "2.22"
description = "C parser in Python"
optional = false
python-versions = ">=3.8"
files = [
    {file = "pycparser-2.22-py3-none-any.whl", hash = "sha256:c3702b6d3dd8c7abc1afa565d7e63d53a1d0bd86cdc24edd75470f4de499cfcc"},
    {file = "pycparser-2.22.tar.gz", hash = "sha256:491c8be9c040f5390f5bf44a5b07752bd07f56edf992381b05c701439eec10f6"},
]

[[package]]
name = "ripemd-hash"
version = "1.0.1"
description = "Ripemd library for Python"
optional = false
python-versions = ">=3.8"
files = [
    {file = "ripemd-hash-1.0.1.tar.gz", hash = "sha256:de2fdacca95e262ce1338e5595c20195ec51bef04732041e9c16789ec8254f3f"},
]

[[package]]
name = "secp256k1"
version = "0.14.0"
description = "FFI bindings to libsecp256k1"
optional = false
python-versions = "*"
files = [
    {file = "secp256k1-0.14.0-cp310-cp310-manylinux_2_5_i686.manylinux1_i686.manylinux_2_12_i686.manylinux2010_i686.whl", hash = "sha256:f666c67dcf1dc69e1448b2ede5e12aaf382b600204a61dbc65e4f82cea444405"},
    {file = "secp256k1-0.14.0-cp310-cp310-manylinux_2_5_x86_64.manylinux1_x86_64.manylinux_2_12_x86_64.manylinux2010_x86_64.whl", hash = "sha256:fcabb3c3497a902fb61eec72d1b69bf72747d7bcc2a732d56d9319a1e8322262"},
    {file = "secp256k1-0.14.0-cp310-cp310-musllinux_1_1_i686.whl", hash = "sha256:7a27c479ab60571502516a1506a562d0a9df062de8ad645313fabfcc97252816"},
    {file = "secp256k1-0.14.0-cp310-cp310-musllinux_1_1_x86_64.whl", hash = "sha256:f4b9306bff6dde020444dfee9ca9b9f5b20ca53a2c0b04898361a3f43d5daf2e"},
    {file = "secp256k1-0.14.0-cp36-cp36m-manylinux_2_5_i686.manylinux1_i686.manylinux_2_12_i686.manylinux2010_i686.whl", hash = "sha256:72735da6cb28273e924431cd40aa607e7f80ef09608c8c9300be2e0e1d2417b4"},
    {file = "secp256k1-0.14.0-cp36-cp36m-manylinux_2_5_x86_64.manylinux1_x86_64.manylinux_2_12_x86_64.manylinux2010_x86_64.whl", hash = "sha256:87f4ad42a370f768910585989a301d1d65de17dcd86f6e8def9b021364b34d5c"},
    {file = "secp256k1-0.14.0-cp36-cp36m-musllinux_1_1_i686.whl", hash = "sha256:130f119b06142e597c10eb4470b5a38eae865362d01aaef06b113478d77f728d"},
    {file = "secp256k1-0.14.0-cp36-cp36m-musllinux_1_1_x86_64.whl", hash = "sha256:3aedcfe6eb1c5fa7c6be25b7cc91c76d8eb984271920ba0f7a934ae41ed56f51"},
    {file = "secp256k1-0.14.0-cp37-cp37m-manylinux_2_5_i686.manylinux1_i686.manylinux_2_12_i686.manylinux2010_i686.whl", hash = "sha256:c91dd3154f6c46ac798d9a41166120e1751222587f54516cc3f378f56ce4ac82"},
    {file = "secp256k1-0.14.0-cp37-cp37m-manylinux_2_5_x86_64.manylinux1_x86_64.manylinux_2_12_x86_64.manylinux2010_x86_64.whl", hash = "sha256:fec790cb6d0d37129ca0ce5b3f8e85692d5fb618d1c440f189453d18694035df"},
    {file = "secp256k1-0.14.0-cp37-cp37m-musllinux_1_1_i686.whl", hash = "sha256:63eb148196b8f646922d4be6739b17fbbf50ebb3a020078c823e2445d88b7a81"},
    {file = "secp256k1-0.14.0-cp37-cp37m-musllinux_1_1_x86_64.whl", hash = "sha256:adc23a4c5d24c95191638eb2ca313097827f07db102e77b59faed15d50c98cae"},
    {file = "secp256k1-0.14.0-cp38-cp38-manylinux_2_5_i686.manylinux1_i686.manylinux_2_12_i686.manylinux2010_i686.whl", hash = "sha256:ce0314788d3248b275426501228969fd32f6501c9d1837902ee0e7bd8264a36f"},
    {file = "secp256k1-0.14.0-cp38-cp38-manylinux_2_5_x86_64.manylinux1_x86_64.manylinux_2_12_x86_64.manylinux2010_x86_64.whl", hash = "sha256:bc761894b3634021686714278fc62b73395fa3eded33453eadfd8a00a6c44ef3"},
    {file = "secp256k1-0.14.0-cp38-cp38-musllinux_1_1_i686.whl", hash = "sha256:373dc8bca735f3c2d73259aa2711a9ecea2f3c7edbb663555fe3422e3dd76102"},
    {file = "secp256k1-0.14.0-cp38-cp38-musllinux_1_1_x86_64.whl", hash = "sha256:fe3f503c9dfdf663b500d3e0688ad842e116c2907ad3f1e1d685812df3f56290"},
    {file = "secp256k1-0.14.0-cp39-cp39-manylinux_2_5_i686.manylinux1_i686.manylinux_2_12_i686.manylinux2010_i686.whl", hash = "sha256:4b1bf09953cde181132cf5e9033065615e5c2694e803165e2db763efa47695e5"},
    {file = "secp256k1-0.14.0-cp39-cp39-manylinux_2_5_x86_64.manylinux1_x86_64.manylinux_2_12_x86_64.manylinux2010_x86_64.whl", hash = "sha256:6af07be5f8612628c3638dc7b208f6cc78d0abae3e25797eadb13890c7d5da81"},
    {file = "secp256k1-0.14.0-cp39-cp39-musllinux_1_1_i686.whl", hash = "sha256:a8dbd75a9fb6f42de307f3c5e24573fe59c3374637cbf39136edc66c200a4029"},
    {file = "secp256k1-0.14.0-cp39-cp39-musllinux_1_1_x86_64.whl", hash = "sha256:97a30c8dae633cb18135c76b6517ae99dc59106818e8985be70dbc05dcc06c0d"},
    {file = "secp256k1-0.14.0-pp37-pypy37_pp73-manylinux_2_5_i686.manylinux1_i686.manylinux_2_12_i686.manylinux2010_i686.whl", hash = "sha256:f4062d8c101aa63b9ecb3709f1f075ad9c01b6672869bbaa1bd77271816936a7"},
    {file = "secp256k1-0.14.0-pp37-pypy37_pp73-manylinux_2_5_x86_64.manylinux1_x86_64.manylinux_2_12_x86_64.manylinux2010_x86_64.whl", hash = "sha256:c9e7c024ff17e9b9d7c392bb2a917da231d6cb40ab119389ff1f51dca10339a4"},
    {file = "secp256k1-0.14.0.tar.gz", hash = "sha256:82c06712d69ef945220c8b53c1a0d424c2ff6a1f64aee609030df79ad8383397"},
]

[package.dependencies]
cffi = ">=1.3.0"

[metadata]
lock-version = "2.0"
python-versions = "^3.8"
content-hash = "286b439b247263924d34fdb3cd289f28cd5f7ec0b1a4a92db3d3a56932b052b6"
