[[package]]
name = "base58"
version = "2.1.1"
description = "Base58 and Base58Check implementation."
category = "main"
optional = false
python-versions = ">=3.5"

[package.extras]
tests = ["mypy", "PyHamcrest (>=2.0.2)", "pytest (>=4.6)", "pytest-benchmark", "pytest-cov", "pytest-flake8"]

[[package]]
name = "cffi"
version = "1.15.1"
description = "Foreign Function Interface for Python calling C code."
category = "main"
optional = false
python-versions = "*"

[package.dependencies]
pycparser = "*"

[[package]]
name = "chacha20poly1305"
version = "0.0.3"
description = "Chacha20Poly1305"
category = "main"
optional = false
python-versions = "*"

[package.extras]
dev = ["pep8", "tox", "pypandoc"]
docs = ["Sphinx (>=1.0)", "sphinx-rtd-theme", "sphinxcontrib-programoutput"]

[[package]]
name = "cryptography"
version = "38.0.1"
description = "cryptography is a package which provides cryptographic recipes and primitives to Python developers."
category = "main"
optional = false
python-versions = ">=3.6"

[package.dependencies]
cffi = ">=1.12"

[package.extras]
docs = ["sphinx (>=1.6.5,!=1.8.0,!=3.1.0,!=3.1.1)", "sphinx-rtd-theme"]
docstest = ["pyenchant (>=1.6.11)", "twine (>=1.12.0)", "sphinxcontrib-spelling (>=4.0.1)"]
pep8test = ["black", "flake8", "flake8-import-order", "pep8-naming"]
sdist = ["setuptools-rust (>=0.11.4)"]
ssh = ["bcrypt (>=3.1.5)"]
test = ["pytest (>=6.2.0)", "pytest-benchmark", "pytest-cov", "pytest-subtests", "pytest-xdist", "pretend", "iso8601", "pytz", "hypothesis (>=1.11.4,!=3.79.2)"]

[[package]]
name = "numpy"
version = "1.23.3"
description = "NumPy is the fundamental package for array computing with Python."
category = "main"
optional = false
python-versions = ">=3.8"

[[package]]
name = "pycparser"
version = "2.21"
description = "C parser in Python"
category = "main"
optional = false
python-versions = ">=2.7, !=3.0.*, !=3.1.*, !=3.2.*, !=3.3.*"

[[package]]
name = "secp256k1"
version = "0.14.0"
description = "FFI bindings to libsecp256k1"
category = "main"
optional = false
python-versions = "*"

[package.dependencies]
cffi = ">=1.3.0"

[metadata]
lock-version = "1.1"
python-versions = "^3.8"
content-hash = "9390af79a7652981af8cc1a262ee75b4d6519cd755d16a3215516e41879bc128"

[metadata.files]
base58 = [
    {file = "base58-2.1.1-py3-none-any.whl", hash = "sha256:11a36f4d3ce51dfc1043f3218591ac4eb1ceb172919cebe05b52a5bcc8d245c2"},
    {file = "base58-2.1.1.tar.gz", hash = "sha256:c5d0cb3f5b6e81e8e35da5754388ddcc6d0d14b6c6a132cb93d69ed580a7278c"},
]
cffi = []
chacha20poly1305 = [
    {file = "chacha20poly1305-0.0.3.tar.gz", hash = "sha256:f2f005c7cf4638ffa4ff06c02c78748068b642916795c6d16c7cc5e355e70edf"},
]
cryptography = []
numpy = []
pycparser = [
    {file = "pycparser-2.21-py2.py3-none-any.whl", hash = "sha256:8ee45429555515e1f6b185e78100aea234072576aa43ab53aefcae078162fca9"},
    {file = "pycparser-2.21.tar.gz", hash = "sha256:e644fdec12f7872f86c58ff790da456218b10f863970249516d60a5eaca77206"},
]
secp256k1 = [
    {file = "secp256k1-0.14.0-cp310-cp310-manylinux_2_5_i686.manylinux1_i686.manylinux_2_12_i686.manylinux2010_i686.whl", hash = "sha256:f666c67dcf1dc69e1448b2ede5e12aaf382b600204a61dbc65e4f82cea444405"},
    {file = "secp256k1-0.14.0-cp310-cp310-manylinux_2_5_x86_64.manylinux1_x86_64.manylinux_2_12_x86_64.manylinux2010_x86_64.whl", hash = "sha256:fcabb3c3497a902fb61eec72d1b69bf72747d7bcc2a732d56d9319a1e8322262"},
    {file = "secp256k1-0.14.0-cp310-cp310-musllinux_1_1_i686.whl", hash = "sha256:7a27c479ab60571502516a1506a562d0a9df062de8ad645313fabfcc97252816"},
    {file = "secp256k1-0.14.0-cp310-cp310-musllinux_1_1_x86_64.whl", hash = "sha256:f4b9306bff6dde020444dfee9ca9b9f5b20ca53a2c0b04898361a3f43d5daf2e"},
    {file = "secp256k1-0.14.0-cp36-cp36m-manylinux_2_5_i686.manylinux1_i686.manylinux_2_12_i686.manylinux2010_i686.whl", hash = "sha256:72735da6cb28273e924431cd40aa607e7f80ef09608c8c9300be2e0e1d2417b4"},
    {file = "secp256k1-0.14.0-cp36-cp36m-manylinux_2_5_x86_64.manylinux1_x86_64.manylinux_2_12_x86_64.manylinux2010_x86_64.whl", hash = "sha256:87f4ad42a370f768910585989a301d1d65de17dcd86f6e8def9b021364b34d5c"},
    {file = "secp256k1-0.14.0-cp36-cp36m-musllinux_1_1_i686.whl", hash = "sha256:130f119b06142e597c10eb4470b5a38eae865362d01aaef06b113478d77f728d"},
    {file = "secp256k1-0.14.0-cp36-cp36m-musllinux_1_1_x86_64.whl", hash = "sha256:3aedcfe6eb1c5fa7c6be25b7cc91c76d8eb984271920ba0f7a934ae41ed56f51"},
    {file = "secp256k1-0.14.0-cp37-cp37m-manylinux_2_5_i686.manylinux1_i686.manylinux_2_12_i686.manylinux2010_i686.whl", hash = "sha256:c91dd3154f6c46ac798d9a41166120e1751222587f54516cc3f378f56ce4ac82"},
    {file = "secp256k1-0.14.0-cp37-cp37m-manylinux_2_5_x86_64.manylinux1_x86_64.manylinux_2_12_x86_64.manylinux2010_x86_64.whl", hash = "sha256:fec790cb6d0d37129ca0ce5b3f8e85692d5fb618d1c440f189453d18694035df"},
    {file = "secp256k1-0.14.0-cp37-cp37m-musllinux_1_1_i686.whl", hash = "sha256:63eb148196b8f646922d4be6739b17fbbf50ebb3a020078c823e2445d88b7a81"},
    {file = "secp256k1-0.14.0-cp37-cp37m-musllinux_1_1_x86_64.whl", hash = "sha256:adc23a4c5d24c95191638eb2ca313097827f07db102e77b59faed15d50c98cae"},
    {file = "secp256k1-0.14.0-cp38-cp38-manylinux_2_5_i686.manylinux1_i686.manylinux_2_12_i686.manylinux2010_i686.whl", hash = "sha256:ce0314788d3248b275426501228969fd32f6501c9d1837902ee0e7bd8264a36f"},
    {file = "secp256k1-0.14.0-cp38-cp38-manylinux_2_5_x86_64.manylinux1_x86_64.manylinux_2_12_x86_64.manylinux2010_x86_64.whl", hash = "sha256:bc761894b3634021686714278fc62b73395fa3eded33453eadfd8a00a6c44ef3"},
    {file = "secp256k1-0.14.0-cp38-cp38-musllinux_1_1_i686.whl", hash = "sha256:373dc8bca735f3c2d73259aa2711a9ecea2f3c7edbb663555fe3422e3dd76102"},
    {file = "secp256k1-0.14.0-cp38-cp38-musllinux_1_1_x86_64.whl", hash = "sha256:fe3f503c9dfdf663b500d3e0688ad842e116c2907ad3f1e1d685812df3f56290"},
    {file = "secp256k1-0.14.0-cp39-cp39-manylinux_2_5_i686.manylinux1_i686.manylinux_2_12_i686.manylinux2010_i686.whl", hash = "sha256:4b1bf09953cde181132cf5e9033065615e5c2694e803165e2db763efa47695e5"},
    {file = "secp256k1-0.14.0-cp39-cp39-manylinux_2_5_x86_64.manylinux1_x86_64.manylinux_2_12_x86_64.manylinux2010_x86_64.whl", hash = "sha256:6af07be5f8612628c3638dc7b208f6cc78d0abae3e25797eadb13890c7d5da81"},
    {file = "secp256k1-0.14.0-cp39-cp39-musllinux_1_1_i686.whl", hash = "sha256:a8dbd75a9fb6f42de307f3c5e24573fe59c3374637cbf39136edc66c200a4029"},
    {file = "secp256k1-0.14.0-cp39-cp39-musllinux_1_1_x86_64.whl", hash = "sha256:97a30c8dae633cb18135c76b6517ae99dc59106818e8985be70dbc05dcc06c0d"},
    {file = "secp256k1-0.14.0-pp37-pypy37_pp73-manylinux_2_5_i686.manylinux1_i686.manylinux_2_12_i686.manylinux2010_i686.whl", hash = "sha256:f4062d8c101aa63b9ecb3709f1f075ad9c01b6672869bbaa1bd77271816936a7"},
    {file = "secp256k1-0.14.0-pp37-pypy37_pp73-manylinux_2_5_x86_64.manylinux1_x86_64.manylinux_2_12_x86_64.manylinux2010_x86_64.whl", hash = "sha256:c9e7c024ff17e9b9d7c392bb2a917da231d6cb40ab119389ff1f51dca10339a4"},
    {file = "secp256k1-0.14.0.tar.gz", hash = "sha256:82c06712d69ef945220c8b53c1a0d424c2ff6a1f64aee609030df79ad8383397"},
]
