[[package]]
name = "chacha20poly1305"
version = "0.0.3"
description = "Chacha20Poly1305"
category = "main"
optional = false
python-versions = "*"

[package.extras]
dev = ["pep8", "tox", "pypandoc"]
docs = ["Sphinx (>=1.0)", "sphinx-rtd-theme", "sphinxcontrib-programoutput"]

[[package]]
name = "numpy"
version = "1.21.0"
description = "NumPy is the fundamental package for array computing with Python."
category = "main"
optional = false
python-versions = ">=3.7"

[[package]]
name = "pyblake2"
version = "1.1.2"
description = "BLAKE2 hash function extension module"
category = "main"
optional = false
python-versions = "*"

[metadata]
lock-version = "1.1"
python-versions = "^3.7"
content-hash = "d8e6774b362633dc3d6f4b311004cd15462c394c93c9dae64afd27c6d777a4f0"

[metadata.files]
chacha20poly1305 = [
    {file = "chacha20poly1305-0.0.3.tar.gz", hash = "sha256:f2f005c7cf4638ffa4ff06c02c78748068b642916795c6d16c7cc5e355e70edf"},
]
numpy = [
    {file = "numpy-1.21.0-cp37-cp37m-macosx_10_9_x86_64.whl", hash = "sha256:d5caa946a9f55511e76446e170bdad1d12d6b54e17a2afe7b189112ed4412bb8"},
    {file = "numpy-1.21.0-cp37-cp37m-manylinux_2_12_i686.manylinux2010_i686.whl", hash = "sha256:ac4fd578322842dbda8d968e3962e9f22e862b6ec6e3378e7415625915e2da4d"},
    {file = "numpy-1.21.0-cp37-cp37m-manylinux_2_12_x86_64.manylinux2010_x86_64.whl", hash = "sha256:598fe100b2948465cf3ed64b1a326424b5e4be2670552066e17dfaa67246011d"},
    {file = "numpy-1.21.0-cp37-cp37m-manylinux_2_17_aarch64.manylinux2014_aarch64.whl", hash = "sha256:7c55407f739f0bfcec67d0df49103f9333edc870061358ac8a8c9e37ea02fcd2"},
    {file = "numpy-1.21.0-cp37-cp37m-manylinux_2_5_i686.manylinux1_i686.whl", hash = "sha256:75579acbadbf74e3afd1153da6177f846212ea2a0cc77de53523ae02c9256513"},
    {file = "numpy-1.21.0-cp37-cp37m-manylinux_2_5_x86_64.manylinux1_x86_64.whl", hash = "sha256:cc367c86eb87e5b7c9592935620f22d13b090c609f1b27e49600cd033b529f54"},
    {file = "numpy-1.21.0-cp37-cp37m-win32.whl", hash = "sha256:d89b0dc7f005090e32bb4f9bf796e1dcca6b52243caf1803fdd2b748d8561f63"},
    {file = "numpy-1.21.0-cp37-cp37m-win_amd64.whl", hash = "sha256:eda2829af498946c59d8585a9fd74da3f810866e05f8df03a86f70079c7531dd"},
    {file = "numpy-1.21.0-cp38-cp38-macosx_10_9_universal2.whl", hash = "sha256:1a784e8ff7ea2a32e393cc53eb0003eca1597c7ca628227e34ce34eb11645a0e"},
    {file = "numpy-1.21.0-cp38-cp38-macosx_10_9_x86_64.whl", hash = "sha256:bba474a87496d96e61461f7306fba2ebba127bed7836212c360f144d1e72ac54"},
    {file = "numpy-1.21.0-cp38-cp38-macosx_11_0_arm64.whl", hash = "sha256:fd0a359c1c17f00cb37de2969984a74320970e0ceef4808c32e00773b06649d9"},
    {file = "numpy-1.21.0-cp38-cp38-manylinux_2_12_i686.manylinux2010_i686.whl", hash = "sha256:e4d5a86a5257843a18fb1220c5f1c199532bc5d24e849ed4b0289fb59fbd4d8f"},
    {file = "numpy-1.21.0-cp38-cp38-manylinux_2_12_x86_64.manylinux2010_x86_64.whl", hash = "sha256:620732f42259eb2c4642761bd324462a01cdd13dd111740ce3d344992dd8492f"},
    {file = "numpy-1.21.0-cp38-cp38-manylinux_2_17_aarch64.manylinux2014_aarch64.whl", hash = "sha256:b9205711e5440954f861ceeea8f1b415d7dd15214add2e878b4d1cf2bcb1a914"},
    {file = "numpy-1.21.0-cp38-cp38-manylinux_2_5_i686.manylinux1_i686.whl", hash = "sha256:ad09f55cc95ed8d80d8ab2052f78cc21cb231764de73e229140d81ff49d8145e"},
    {file = "numpy-1.21.0-cp38-cp38-manylinux_2_5_x86_64.manylinux1_x86_64.whl", hash = "sha256:a1f2fb2da242568af0271455b89aee0f71e4e032086ee2b4c5098945d0e11cf6"},
    {file = "numpy-1.21.0-cp38-cp38-win32.whl", hash = "sha256:e58ddb53a7b4959932f5582ac455ff90dcb05fac3f8dcc8079498d43afbbde6c"},
    {file = "numpy-1.21.0-cp38-cp38-win_amd64.whl", hash = "sha256:d2910d0a075caed95de1a605df00ee03b599de5419d0b95d55342e9a33ad1fb3"},
    {file = "numpy-1.21.0-cp39-cp39-macosx_10_9_universal2.whl", hash = "sha256:a290989cd671cd0605e9c91a70e6df660f73ae87484218e8285c6522d29f6e38"},
    {file = "numpy-1.21.0-cp39-cp39-macosx_10_9_x86_64.whl", hash = "sha256:3537b967b350ad17633b35c2f4b1a1bbd258c018910b518c30b48c8e41272717"},
    {file = "numpy-1.21.0-cp39-cp39-macosx_11_0_arm64.whl", hash = "sha256:ccc6c650f8700ce1e3a77668bb7c43e45c20ac06ae00d22bdf6760b38958c883"},
    {file = "numpy-1.21.0-cp39-cp39-manylinux_2_12_i686.manylinux2010_i686.whl", hash = "sha256:709884863def34d72b183d074d8ba5cfe042bc3ff8898f1ffad0209161caaa99"},
    {file = "numpy-1.21.0-cp39-cp39-manylinux_2_12_x86_64.manylinux2010_x86_64.whl", hash = "sha256:bebab3eaf0641bba26039fb0b2c5bf9b99407924b53b1ea86e03c32c64ef5aef"},
    {file = "numpy-1.21.0-cp39-cp39-manylinux_2_17_aarch64.manylinux2014_aarch64.whl", hash = "sha256:cf680682ad0a3bef56dae200dbcbac2d57294a73e5b0f9864955e7dd7c2c2491"},
    {file = "numpy-1.21.0-cp39-cp39-win32.whl", hash = "sha256:d95d16204cd51ff1a1c8d5f9958ce90ae190be81d348b514f9be39f878b8044a"},
    {file = "numpy-1.21.0-cp39-cp39-win_amd64.whl", hash = "sha256:2ba579dde0563f47021dcd652253103d6fd66165b18011dce1a0609215b2791e"},
    {file = "numpy-1.21.0-pp37-pypy37_pp73-manylinux_2_12_x86_64.manylinux2010_x86_64.whl", hash = "sha256:3c40e6b860220ed862e8097b8f81c9af6d7405b723f4a7af24a267b46f90e461"},
    {file = "numpy-1.21.0.zip", hash = "sha256:e80fe25cba41c124d04c662f33f6364909b985f2eb5998aaa5ae4b9587242cce"},
]
pyblake2 = [
    {file = "pyblake2-1.1.2-cp27-cp27m-win32.whl", hash = "sha256:3757f7ad709b0e1b2a6b3919fa79fe3261f166fc375cd521f2be480f8319dde9"},
    {file = "pyblake2-1.1.2-cp27-cp27m-win_amd64.whl", hash = "sha256:8043267fbc0b2f3748c6920591cd0b8b5609dcce60c504c32858aa36206386f2"},
    {file = "pyblake2-1.1.2-cp34-cp34m-win32.whl", hash = "sha256:4d47b4a2c1d292b1e460bde1dda4d13aa792ed2ed70fcc263b6bc24632c8e902"},
    {file = "pyblake2-1.1.2-cp34-cp34m-win_amd64.whl", hash = "sha256:982295a87907d50f4723db6bc724660da76b6547826d52160171d54f95b919ac"},
    {file = "pyblake2-1.1.2-cp35-cp35m-win32.whl", hash = "sha256:baa2190bfe549e36163aa44664d4ee3a9080b236fc5d42f50dc6fd36bbdc749e"},
    {file = "pyblake2-1.1.2-cp35-cp35m-win_amd64.whl", hash = "sha256:407e02c7f8f36fcec1b7aa114ddca0c1060c598142ea6f6759d03710b946a7e3"},
    {file = "pyblake2-1.1.2-cp36-cp36m-win32.whl", hash = "sha256:fbc9fcde75713930bc2a91b149e97be2401f7c9c56d735b46a109210f58d7358"},
    {file = "pyblake2-1.1.2-cp36-cp36m-win_amd64.whl", hash = "sha256:c53417ee0bbe77db852d5fd1036749f03696ebc2265de359fe17418d800196c4"},
    {file = "pyblake2-1.1.2.tar.gz", hash = "sha256:5ccc7eb02edb82fafb8adbb90746af71460fbc29aa0f822526fc976dff83e93f"},
]
